# THIS IS AN AUTOGENERATED FILE. DO NOT EDIT THIS FILE DIRECTLY.
# yarn lockfile v1


empty-dir@^0.1.0:
  version "0.1.0"
  resolved "https://registry.yarnpkg.com/empty-dir/-/empty-dir-0.1.0.tgz#4915bd8b63773c3f458b2dc50339c908849c84f0"
  integrity sha512-EatTcJH5cVS/NXEpy7IWBSpH0WxvJdBnmRkz8Gqr2Jn4GmSqc4Q4E81SmVGOrHHHtCys1SsFKmAoHlhaFkRlmg==

postgresql@^0.0.1:
  version "0.0.1"
  resolved "https://registry.yarnpkg.com/postgresql/-/postgresql-0.0.1.tgz#f07c179d937e0c54ee735a15eb2e462b1967ab70"
  integrity sha512-qtBS+u3m4UxCVTTQBm58IR4TJWZKYVRa/egONxzkQtqEYhFc9HVno4S7//ABFRJR5LeCcrZtcBpZJ5SJkJkGEA==
  dependencies:
    empty-dir "^0.1.0"
